// !$*UTF8*$!
{
	archiveVersion = 1;
	classes = {
	};
	objectVersion = 46;
	objects = {

/* Begin PBXBuildFile section */
		EF08C35A1C8BF65200D8E71A /* AppDelegate.swift in Sources */ = {isa = PBXBuildFile; fileRef = EF08C3591C8BF65200D8E71A /* AppDelegate.swift */; };
		EF08C35C1C8BF65200D8E71A /* ViewController.swift in Sources */ = {isa = PBXBuildFile; fileRef = EF08C35B1C8BF65200D8E71A /* ViewController.swift */; };
		EF08C35F1C8BF65200D8E71A /* Main.storyboard in Resources */ = {isa = PBXBuildFile; fileRef = EF08C35D1C8BF65200D8E71A /* Main.storyboard */; };
		EF08C3611C8BF65200D8E71A /* Assets.xcassets in Resources */ = {isa = PBXBuildFile; fileRef = EF08C3601C8BF65200D8E71A /* Assets.xcassets */; };
		EF08C3641C8BF65200D8E71A /* LaunchScreen.storyboard in Resources */ = {isa = PBXBuildFile; fileRef = EF08C3621C8BF65200D8E71A /* LaunchScreen.storyboard */; };
		EF46A6121CBBDEBE00C37308 /* CalculatorBrain.swift in Sources */ = {isa = PBXBuildFile; fileRef = EF46A6111CBBDEBE00C37308 /* CalculatorBrain.swift */; };
/* End PBXBuildFile section */

/* Begin PBXFileReference section */
		EF08C3561C8BF65200D8E71A /* Calculator.app */ = {isa = PBXFileReference; explicitFileType = wrapper.application; includeInIndex = 0; path = Calculator.app; sourceTree = BUILT_PRODUCTS_DIR; };
		EF08C3591C8BF65200D8E71A /* AppDelegate.swift */ = {isa = PBXFileReference; lastKnownFileType = sourcecode.swift; path = AppDelegate.swift; sourceTree = "<group>"; };
		EF08C35B1C8BF65200D8E71A /* ViewController.swift */ = {isa = PBXFileReference; lastKnownFileType = sourcecode.swift; path = ViewController.swift; sourceTree = "<group>"; };
		EF08C35E1C8BF65200D8E71A /* Base */ = {isa = PBXFileReference; lastKnownFileType = file.storyboard; name = Base; path = Base.lproj/Main.storyboard; sourceTree = "<group>"; };
		EF08C3601C8BF65200D8E71A /* Assets.xcassets */ = {isa = PBXFileReference; lastKnownFileType = folder.assetcatalog; path = Assets.xcassets; sourceTree = "<group>"; };
		EF08C3631C8BF65200D8E71A /* Base */ = {isa = PBXFileReference; lastKnownFileType = file.storyboard; name = Base; path = Base.lproj/LaunchScreen.storyboard; sourceTree = "<group>"; };
		EF08C3651C8BF65200D8E71A /* Info.plist */ = {isa = PBXFileReference; lastKnownFileType = text.plist.xml; path = Info.plist; sourceTree = "<group>"; };
		EF46A6111CBBDEBE00C37308 /* CalculatorBrain.swift */ = {isa = PBXFileReference; fileEncoding = 4; lastKnownFileType = sourcecode.swift; path = CalculatorBrain.swift; sourceTree = "<group>"; };
/* End PBXFileReference section */

/* Begin PBXFrameworksBuildPhase section */
		EF08C3531C8BF65200D8E71A /* Frameworks */ = {
			isa = PBXFrameworksBuildPhase;
			buildActionMask = 2147483647;
			files = (
			);
			runOnlyForDeploymentPostprocessing = 0;
		};
/* End PBXFrameworksBuildPhase section */

/* Begin PBXGroup section */
		EF08C34D1C8BF65200D8E71A = {
			isa = PBXGroup;
			children = (
				EF08C3581C8BF65200D8E71A /* Calculator */,
				EF08C3571C8BF65200D8E71A /* Products */,
			);
			sourceTree = "<group>";
		};
		EF08C3571C8BF65200D8E71A /* Products */ = {
			isa = PBXGroup;
			children = (
				EF08C3561C8BF65200D8E71A /* Calculator.app */,
			);
			name = Products;
			sourceTree = "<group>";
		};
		EF08C3581C8BF65200D8E71A /* Calculator */ = {
			isa = PBXGroup;
			children = (
				EF08C3591C8BF65200D8E71A /* AppDelegate.swift */,
				EF08C35B1C8BF65200D8E71A /* ViewController.swift */,
				EF08C35D1C8BF65200D8E71A /* Main.storyboard */,
				EF46A6111CBBDEBE00C37308 /* CalculatorBrain.swift */,
				EF08C3601C8BF65200D8E71A /* Assets.xcassets */,
				EF08C3621C8BF65200D8E71A /* LaunchScreen.storyboard */,
				EF08C3651C8BF65200D8E71A /* Info.plist */,
			);
			path = Calculator;
			sourceTree = "<group>";
		};
/* End PBXGroup section */

/* Begin PBXNativeTarget section */
		EF08C3551C8BF65200D8E71A /* Calculator */ = {
			isa = PBXNativeTarget;
			buildConfigurationList = EF08C3681C8BF65200D8E71A /* Build configuration list for PBXNativeTarget "Calculator" */;
			buildPhases = (
				EF08C3521C8BF65200D8E71A /* Sources */,
				EF08C3531C8BF65200D8E71A /* Frameworks */,
				EF08C3541C8BF65200D8E71A /* Resources */,
			);
			buildRules = (
			);
			dependencies = (
			);
			name = Calculator;
			productName = Calculator;
			productReference = EF08C3561C8BF65200D8E71A /* Calculator.app */;
			productType = "com.apple.product-type.application";
		};
/* End PBXNativeTarget section */

/* Begin PBXProject section */
		EF08C34E1C8BF65200D8E71A /* Project object */ = {
			isa = PBXProject;
			attributes = {
				LastSwiftUpdateCheck = 0720;
				LastUpgradeCheck = 0720;
				ORGANIZATIONNAME = command.Zi;
				TargetAttributes = {
					EF08C3551C8BF65200D8E71A = {
						CreatedOnToolsVersion = 7.2.1;
						DevelopmentTeam = K24Y3ZEWRA;
					};
				};
			};
			buildConfigurationList = EF08C3511C8BF65200D8E71A /* Build configuration list for PBXProject "Calculator" */;
			compatibilityVersion = "Xcode 3.2";
			developmentRegion = English;
			hasScannedForEncodings = 0;
			knownRegions = (
				en,
				Base,
			);
			mainGroup = EF08C34D1C8BF65200D8E71A;
			productRefGroup = EF08C3571C8BF65200D8E71A /* Products */;
			projectDirPath = "";
			projectRoot = "";
			targets = (
				EF08C3551C8BF65200D8E71A /* Calculator */,
			);
		};
/* End PBXProject section */

/* Begin PBXResourcesBuildPhase section */
		EF08C3541C8BF65200D8E71A /* Resources */ = {
			isa = PBXResourcesBuildPhase;
			buildActionMask = 2147483647;
			files = (
				EF08C3641C8BF65200D8E71A /* LaunchScreen.storyboard in Resources */,
				EF08C3611C8BF65200D8E71A /* Assets.xcassets in Resources */,
				EF08C35F1C8BF65200D8E71A /* Main.storyboard in Resources */,
			);
			runOnlyForDeploymentPostprocessing = 0;
		};
/* End PBXResourcesBuildPhase section */

/* Begin PBXSourcesBuildPhase section */
		EF08C3521C8BF65200D8E71A /* Sources */ = {
			isa = PBXSourcesBuildPhase;
			buildActionMask = 2147483647;
			files = (
				EF46A6121CBBDEBE00C37308 /* CalculatorBrain.swift in Sources */,
				EF08C35C1C8BF65200D8E71A /* ViewController.swift in Sources */,
				EF08C35A1C8BF65200D8E71A /* AppDelegate.swift in Sources */,
			);
			runOnlyForDeploymentPostprocessing = 0;
		};
/* End PBXSourcesBuildPhase section */

/* Begin PBXVariantGroup section */
		EF08C35D1C8BF65200D8E71A /* Main.storyboard */ = {
			isa = PBXVariantGroup;
			children = (
				EF08C35E1C8BF65200D8E71A /* Base */,
			);
			name = Main.storyboard;
			sourceTree = "<group>";
		};
		EF08C3621C8BF65200D8E71A /* LaunchScreen.storyboard */ = {
			isa = PBXVariantGroup;
			children = (
				EF08C3631C8BF65200D8E71A /* Base */,
			);
			name = LaunchScreen.storyboard;
			sourceTree = "<group>";
		};
/* End PBXVariantGroup section */

/* Begin XCBuildConfiguration section */
		EF08C3661C8BF65200D8E71A /* Debug */ = {
			isa = XCBuildConfiguration;
			buildSettings = {
				ALWAYS_SEARCH_USER_PATHS = NO;
				CLANG_CXX_LANGUAGE_STANDARD = "gnu++0x";
				CLANG_CXX_LIBRARY = "libc++";
				CLANG_ENABLE_MODULES = YES;
				CLANG_ENABLE_OBJC_ARC = YES;
				CLANG_WARN_BOOL_CONVERSION = YES;
				CLANG_WARN_CONSTANT_CONVERSION = YES;
				CLANG_WARN_DIRECT_OBJC_ISA_USAGE = YES_ERROR;
				CLANG_WARN_EMPTY_BODY = YES;
				CLANG_WARN_ENUM_CONVERSION = YES;
				CLANG_WARN_INT_CONVERSION = YES;
				CLANG_WARN_OBJC_ROOT_CLASS = YES_ERROR;
				CLANG_WARN_UNREACHABLE_CODE = YES;
				CLANG_WARN__DUPLICATE_METHOD_MATCH = YES;
				"CODE_SIGN_IDENTITY[sdk=iphoneos*]" = "iPhone Developer";
				COPY_PHASE_STRIP = NO;
				DEBUG_INFORMATION_FORMAT = dwarf;
				ENABLE_STRICT_OBJC_MSGSEND = YES;
				ENABLE_TESTABILITY = YES;
				GCC_C_LANGUAGE_STANDARD = gnu99;
				GCC_DYNAMIC_NO_PIC = NO;
				GCC_NO_COMMON_BLOCKS = YES;
				GCC_OPTIMIZATION_LEVEL = 0;
				GCC_PREPROCESSOR_DEFINITIONS = (
					"DEBUG=1",
					"$(inherited)",
				);
				GCC_WARN_64_TO_32_BIT_CONVERSION = YES;
				GCC_WARN_ABOUT_RETURN_TYPE = YES_ERROR;
				GCC_WARN_UNDECLARED_SELECTOR = YES;
				GCC_WARN_UNINITIALIZED_AUTOS = YES_AGGRESSIVE;
				GCC_WARN_UNUSED_FUNCTION = YES;
				GCC_WARN_UNUSED_VARIABLE = YES;
				IPHONEOS_DEPLOYMENT_TARGET = 9.2;
				MTL_ENABLE_DEBUG_INFO = YES;
				ONLY_ACTIVE_ARCH = YES;
				SDKROOT = iphoneos;
				SWIFT_OPTIMIZATION_LEVEL = "-Onone";
				TARGETED_DEVICE_FAMILY = "1,2";
			};
			name = Debug;
		};
		EF08C3671C8BF65200D8E71A /* Release */ = {
			isa = XCBuildConfiguration;
			buildSettings = {
				ALWAYS_SEARCH_USER_PATHS = NO;
				CLANG_CXX_LANGUAGE_STANDARD = "gnu++0x";
				CLANG_CXX_LIBRARY = "libc++";
				CLANG_ENABLE_MODULES = YES;
				CLANG_ENABLE_OBJC_ARC = YES;
				CLANG_WARN_BOOL_CONVERSION = YES;
				CLANG_WARN_CONSTANT_CONVERSION = YES;
				CLANG_WARN_DIRECT_OBJC_ISA_USAGE = YES_ERROR;
				CLANG_WARN_EMPTY_BODY = YES;
				CLANG_WARN_ENUM_CONVERSION = YES;
				CLANG_WARN_INT_CONVERSION = YES;
				CLANG_WARN_OBJC_ROOT_CLASS = YES_ERROR;
				CLANG_WARN_UNREACHABLE_CODE = YES;
				CLANG_WARN__DUPLICATE_METHOD_MATCH = YES;
				"CODE_SIGN_IDENTITY[sdk=iphoneos*]" = "iPhone Developer";
				COPY_PHASE_STRIP = NO;
				DEBUG_INFORMATION_FORMAT = "dwarf-with-dsym";
				ENABLE_NS_ASSERTIONS = NO;
				ENABLE_STRICT_OBJC_MSGSEND = YES;
				GCC_C_LANGUAGE_STANDARD = gnu99;
				GCC_NO_COMMON_BLOCKS = YES;
				GCC_WARN_64_TO_32_BIT_CONVERSION = YES;
				GCC_WARN_ABOUT_RETURN_TYPE = YES_ERROR;
				GCC_WARN_UNDECLARED_SELECTOR = YES;
				GCC_WARN_UNINITIALIZED_AUTOS = YES_AGGRESSIVE;
				GCC_WARN_UNUSED_FUNCTION = YES;
				GCC_WARN_UNUSED_VARIABLE = YES;
				IPHONEOS_DEPLOYMENT_TARGET = 9.2;
				MTL_ENABLE_DEBUG_INFO = NO;
				SDKROOT = iphoneos;
				TARGETED_DEVICE_FAMILY = "1,2";
				VALIDATE_PRODUCT = YES;
			};
			name = Release;
		};
		EF08C3691C8BF65200D8E71A /* Debug */ = {
			isa = XCBuildConfiguration;
			buildSettings = {
				ASSETCATALOG_COMPILER_APPICON_NAME = AppIcon;
				EMBEDDED_CONTENT_CONTAINS_SWIFT = YES;
				INFOPLIST_FILE = Calculator/Info.plist;
				LD_RUNPATH_SEARCH_PATHS = "$(inherited) @executable_path/Frameworks";
				PRODUCT_BUNDLE_IDENTIFIER = com.commandzi..Calculator;
				PRODUCT_NAME = "$(TARGET_NAME)";
			};
			name = Debug;
		};
		EF08C36A1C8BF65200D8E71A /* Release */ = {
			isa = XCBuildConfiguration;
			buildSettings = {
				ASSETCATALOG_COMPILER_APPICON_NAME = AppIcon;
				EMBEDDED_CONTENT_CONTAINS_SWIFT = YES;
				INFOPLIST_FILE = Calculator/Info.plist;
				LD_RUNPATH_SEARCH_PATHS = "$(inherited) @executable_path/Frameworks";
				PRODUCT_BUNDLE_IDENTIFIER = com.commandzi..Calculator;
				PRODUCT_NAME = "$(TARGET_NAME)";
			};
			name = Release;
		};
/* End XCBuildConfiguration section */

/* Begin XCConfigurationList section */
		EF08C3511C8BF65200D8E71A /* Build configuration list for PBXProject "Calculator" */ = {
			isa = XCConfigurationList;
			buildConfigurations = (
				EF08C3661C8BF65200D8E71A /* Debug */,
				EF08C3671C8BF65200D8E71A /* Release */,
			);
			defaultConfigurationIsVisible = 0;
			defaultConfigurationName = Release;
		};
		EF08C3681C8BF65200D8E71A /* Build configuration list for PBXNativeTarget "Calculator" */ = {
			isa = XCConfigurationList;
			buildConfigurations = (
				EF08C3691C8BF65200D8E71A /* Debug */,
				EF08C36A1C8BF65200D8E71A /* Release */,
			);
			defaultConfigurationIsVisible = 0;
			defaultConfigurationName = Release;
		};
/* End XCConfigurationList section */
	};
	rootObject = EF08C34E1C8BF65200D8E71A /* Project object */;
}
